Microsoft Visual Studio Solution File, Format Version 11.00
# Visual Studio 2008

Project("{9BFEFB7F-BEEC-B7FA-6E0C-D7E2DAAE58DD}") = "Wanderlust", "Assembly-CSharp-firstpass-vs.csproj", "{E0C63F3B-2448-2358-7A87-7C938FC4E8DD}"
EndProject
Project("{9BFEFB7F-BEEC-B7FA-6E0C-D7E2DAAE58DD}") = "Wanderlust", "Assembly-CSharp-vs.csproj", "{543D5315-A747-B0BA-504A-60A6117AF3AB}"
EndProject
Project("{9BFEFB7F-BEEC-B7FA-6E0C-D7E2DAAE58DD}") = "Wanderlust", "Assembly-CSharp-Editor-vs.csproj", "{87A0A9E0-CF93-2D73-1AA5-D422570E690A}"
EndProject
Global
	GlobalSection(SolutionConfigurationPlatforms) = preSolution
		Debug|Any CPU = Debug|Any CPU
		Release|Any CPU = Release|Any CPU
	EndGlobalSection
	GlobalSection(ProjectConfigurationPlatforms) = postSolution
		{E0C63F3B-2448-2358-7A87-7C938FC4E8DD}.Debug|Any CPU.ActiveCfg = Debug|Any CPU
		{E0C63F3B-2448-2358-7A87-7C938FC4E8DD}.Debug|Any CPU.Build.0 = Debug|Any CPU
		{E0C63F3B-2448-2358-7A87-7C938FC4E8DD}.Release|Any CPU.ActiveCfg = Release|Any CPU
		{E0C63F3B-2448-2358-7A87-7C938FC4E8DD}.Release|Any CPU.Build.0 = Release|Any CPU
		{543D5315-A747-B0BA-504A-60A6117AF3AB}.Debug|Any CPU.ActiveCfg = Debug|Any CPU
		{543D5315-A747-B0BA-504A-60A6117AF3AB}.Debug|Any CPU.Build.0 = Debug|Any CPU
		{543D5315-A747-B0BA-504A-60A6117AF3AB}.Release|Any CPU.ActiveCfg = Release|Any CPU
		{543D5315-A747-B0BA-504A-60A6117AF3AB}.Release|Any CPU.Build.0 = Release|Any CPU
		{87A0A9E0-CF93-2D73-1AA5-D422570E690A}.Debug|Any CPU.ActiveCfg = Debug|Any CPU
		{87A0A9E0-CF93-2D73-1AA5-D422570E690A}.Debug|Any CPU.Build.0 = Debug|Any CPU
		{87A0A9E0-CF93-2D73-1AA5-D422570E690A}.Release|Any CPU.ActiveCfg = Release|Any CPU
		{87A0A9E0-CF93-2D73-1AA5-D422570E690A}.Release|Any CPU.Build.0 = Release|Any CPU
	EndGlobalSection
	GlobalSection(SolutionProperties) = preSolution
		HideSolutionNode = FALSE
	EndGlobalSection
																																																																																																																			GlobalSection(MonoDevelopProperties) = preSolution
		StartupItem = Assembly-CSharp.csproj
		Policies = $0
		$0.TextStylePolicy = $1
		$1.inheritsSet = null
		$1.scope = text/x-csharp
		$0.CSharpFormattingPolicy = $2
		$2.inheritsSet = Mono
		$2.inheritsScope = text/x-csharp
		$2.scope = text/x-csharp
		$0.TextStylePolicy = $3
		$3.FileWidth = 120
		$3.TabWidth = 4
		$3.EolMarker = Unix
		$3.inheritsSet = Mono
		$3.inheritsScope = text/plain
		$3.scope = text/plain
	EndGlobalSection

EndGlobal
